
Microsoft Visual Studio Solution File, Format Version 12.00
# Visual Studio Version 17
VisualStudioVersion = 17.2.32616.157
MinimumVisualStudioVersion = 10.0.40219.1
Project("{9A19103F-16F7-4668-BE54-9A1E7A4F7556}") = "[2]zajecia", "[2]zajecia\[2]zajecia.csproj", "{57713726-15D0-43C9-A5B4-7B74ECBC1049}"
EndProject
Project("{9A19103F-16F7-4668-BE54-9A1E7A4F7556}") = "[1]zajecia", "[1]zajecia\[1]zajecia.csproj", "{6DA3F5D3-156C-4379-8E5D-CDCFF755C175}"
EndProject
Project("{FAE04EC0-301F-11D3-BF4B-00C04F79EFBC}") = "[3]zajecia", "[3]zajecia\[3]zajecia.csproj", "{BD5C86AA-90A8-4D50-A9CA-00CC090EDB01}"
EndProject
Global
	GlobalSection(SolutionConfigurationPlatforms) = preSolution
		Debug|Any CPU = Debug|Any CPU
		Release|Any CPU = Release|Any CPU
	EndGlobalSection
	GlobalSection(ProjectConfigurationPlatforms) = postSolution
		{57713726-15D0-43C9-A5B4-7B74ECBC1049}.Debug|Any CPU.ActiveCfg = Debug|Any CPU
		{57713726-15D0-43C9-A5B4-7B74ECBC1049}.Debug|Any CPU.Build.0 = Debug|Any CPU
		{57713726-15D0-43C9-A5B4-7B74ECBC1049}.Release|Any CPU.ActiveCfg = Release|Any CPU
		{57713726-15D0-43C9-A5B4-7B74ECBC1049}.Release|Any CPU.Build.0 = Release|Any CPU
		{6DA3F5D3-156C-4379-8E5D-CDCFF755C175}.Debug|Any CPU.ActiveCfg = Debug|Any CPU
		{6DA3F5D3-156C-4379-8E5D-CDCFF755C175}.Debug|Any CPU.Build.0 = Debug|Any CPU
		{6DA3F5D3-156C-4379-8E5D-CDCFF755C175}.Release|Any CPU.ActiveCfg = Release|Any CPU
		{6DA3F5D3-156C-4379-8E5D-CDCFF755C175}.Release|Any CPU.Build.0 = Release|Any CPU
		{BD5C86AA-90A8-4D50-A9CA-00CC090EDB01}.Debug|Any CPU.ActiveCfg = Debug|Any CPU
		{BD5C86AA-90A8-4D50-A9CA-00CC090EDB01}.Debug|Any CPU.Build.0 = Debug|Any CPU
		{BD5C86AA-90A8-4D50-A9CA-00CC090EDB01}.Release|Any CPU.ActiveCfg = Release|Any CPU
		{BD5C86AA-90A8-4D50-A9CA-00CC090EDB01}.Release|Any CPU.Build.0 = Release|Any CPU
	EndGlobalSection
	GlobalSection(SolutionProperties) = preSolution
		HideSolutionNode = FALSE
	EndGlobalSection
	GlobalSection(ExtensibilityGlobals) = postSolution
		SolutionGuid = {576F032A-3288-48D8-8A8D-EDF37308BDF9}
	EndGlobalSection
EndGlobal
